
Microsoft Visual Studio Solution File, Format Version 12.00
# Visual Studio Version 16
VisualStudioVersion = 16.0.30711.63
MinimumVisualStudioVersion = 10.0.40219.1
Project("{FAE04EC0-301F-11D3-BF4B-00C04F79EFBC}") = "POMImplementation", "POMImplementation\POMImplementation.csproj", "{F25F1230-1FB6-4F48-8442-43021CA283BA}"
EndProject
Project("{FAE04EC0-301F-11D3-BF4B-00C04F79EFBC}") = "SeleniumFramework", "SeleniumFramework\SeleniumFramework.csproj", "{1C302C3C-BA54-4DE8-8586-E4FD9B153D36}"
EndProject
Project("{FAE04EC0-301F-11D3-BF4B-00C04F79EFBC}") = "TestExecutionProject", "TestExecutionProject\TestExecutionProject.csproj", "{FE555281-5F0B-4359-8129-918AE3148826}"
EndProject
Global
	GlobalSection(SolutionConfigurationPlatforms) = preSolution
		Debug|Any CPU = Debug|Any CPU
		Release|Any CPU = Release|Any CPU
	EndGlobalSection
	GlobalSection(ProjectConfigurationPlatforms) = postSolution
		{F25F1230-1FB6-4F48-8442-43021CA283BA}.Debug|Any CPU.ActiveCfg = Debug|Any CPU
		{F25F1230-1FB6-4F48-8442-43021CA283BA}.Debug|Any CPU.Build.0 = Debug|Any CPU
		{F25F1230-1FB6-4F48-8442-43021CA283BA}.Release|Any CPU.ActiveCfg = Release|Any CPU
		{F25F1230-1FB6-4F48-8442-43021CA283BA}.Release|Any CPU.Build.0 = Release|Any CPU
		{1C302C3C-BA54-4DE8-8586-E4FD9B153D36}.Debug|Any CPU.ActiveCfg = Debug|Any CPU
		{1C302C3C-BA54-4DE8-8586-E4FD9B153D36}.Debug|Any CPU.Build.0 = Debug|Any CPU
		{1C302C3C-BA54-4DE8-8586-E4FD9B153D36}.Release|Any CPU.ActiveCfg = Release|Any CPU
		{1C302C3C-BA54-4DE8-8586-E4FD9B153D36}.Release|Any CPU.Build.0 = Release|Any CPU
		{FE555281-5F0B-4359-8129-918AE3148826}.Debug|Any CPU.ActiveCfg = Debug|Any CPU
		{FE555281-5F0B-4359-8129-918AE3148826}.Debug|Any CPU.Build.0 = Debug|Any CPU
		{FE555281-5F0B-4359-8129-918AE3148826}.Release|Any CPU.ActiveCfg = Release|Any CPU
		{FE555281-5F0B-4359-8129-918AE3148826}.Release|Any CPU.Build.0 = Release|Any CPU
	EndGlobalSection
	GlobalSection(SolutionProperties) = preSolution
		HideSolutionNode = FALSE
	EndGlobalSection
	GlobalSection(ExtensibilityGlobals) = postSolution
		SolutionGuid = {6AEDF07B-C1DE-47CE-B850-36072B96CEF7}
	EndGlobalSection
EndGlobal
